[root]
name = "euler"
version = "0.1.0"
dependencies = [
 "gmp 0.3.1 (registry+https://github.com/rust-lang/crates.io-index)",
 "itertools 0.4.16 (registry+https://github.com/rust-lang/crates.io-index)",
 "ndarray 0.6.0 (registry+https://github.com/rust-lang/crates.io-index)",
]

[[package]]
name = "gmp"
version = "0.3.1"
source = "registry+https://github.com/rust-lang/crates.io-index"
dependencies = [
 "libc 0.2.13 (registry+https://github.com/rust-lang/crates.io-index)",
]

[[package]]
name = "itertools"
version = "0.4.16"
source = "registry+https://github.com/rust-lang/crates.io-index"

[[package]]
name = "libc"
version = "0.2.13"
source = "registry+https://github.com/rust-lang/crates.io-index"

[[package]]
name = "matrixmultiply"
version = "0.1.8"
source = "registry+https://github.com/rust-lang/crates.io-index"

[[package]]
name = "ndarray"
version = "0.6.0"
source = "registry+https://github.com/rust-lang/crates.io-index"
dependencies = [
 "itertools 0.4.16 (registry+https://github.com/rust-lang/crates.io-index)",
 "matrixmultiply 0.1.8 (registry+https://github.com/rust-lang/crates.io-index)",
 "num-complex 0.1.32 (registry+https://github.com/rust-lang/crates.io-index)",
 "num-traits 0.1.32 (registry+https://github.com/rust-lang/crates.io-index)",
]

[[package]]
name = "num-complex"
version = "0.1.32"
source = "registry+https://github.com/rust-lang/crates.io-index"
dependencies = [
 "num-traits 0.1.32 (registry+https://github.com/rust-lang/crates.io-index)",
]

[[package]]
name = "num-traits"
version = "0.1.32"
source = "registry+https://github.com/rust-lang/crates.io-index"

