[root]
name = "euler"
version = "0.1.0"
dependencies = [
 "enum_primitive 0.1.0 (registry+https://github.com/rust-lang/crates.io-index)",
 "gmp 0.3.1 (registry+https://github.com/rust-lang/crates.io-index)",
 "itertools 0.4.16 (registry+https://github.com/rust-lang/crates.io-index)",
 "ndarray 0.6.0 (registry+https://github.com/rust-lang/crates.io-index)",
 "num 0.1.32 (registry+https://github.com/rust-lang/crates.io-index)",
 "permutohedron 0.2.1 (registry+https://github.com/rust-lang/crates.io-index)",
 "petgraph 0.2.7 (registry+https://github.com/rust-lang/crates.io-index)",
 "primal 0.2.3 (registry+https://github.com/rust-lang/crates.io-index)",
 "rand 0.3.14 (registry+https://github.com/rust-lang/crates.io-index)",
 "rayon 0.4.0 (registry+https://github.com/rust-lang/crates.io-index)",
 "rulinalg 0.2.1 (registry+https://github.com/rust-lang/crates.io-index)",
 "time 0.1.35 (registry+https://github.com/rust-lang/crates.io-index)",
]

[[package]]
name = "deque"
version = "0.3.1"
source = "registry+https://github.com/rust-lang/crates.io-index"
dependencies = [
 "rand 0.3.14 (registry+https://github.com/rust-lang/crates.io-index)",
]

[[package]]
name = "enum_primitive"
version = "0.1.0"
source = "registry+https://github.com/rust-lang/crates.io-index"
dependencies = [
 "num 0.1.32 (registry+https://github.com/rust-lang/crates.io-index)",
]

[[package]]
name = "fixedbitset"
version = "0.1.1"
source = "registry+https://github.com/rust-lang/crates.io-index"

[[package]]
name = "gmp"
version = "0.3.1"
source = "registry+https://github.com/rust-lang/crates.io-index"
dependencies = [
 "libc 0.2.13 (registry+https://github.com/rust-lang/crates.io-index)",
]

[[package]]
name = "hamming"
version = "0.1.3"
source = "registry+https://github.com/rust-lang/crates.io-index"

[[package]]
name = "itertools"
version = "0.4.16"
source = "registry+https://github.com/rust-lang/crates.io-index"

[[package]]
name = "kernel32-sys"
version = "0.2.2"
source = "registry+https://github.com/rust-lang/crates.io-index"
dependencies = [
 "winapi 0.2.8 (registry+https://github.com/rust-lang/crates.io-index)",
 "winapi-build 0.1.1 (registry+https://github.com/rust-lang/crates.io-index)",
]

[[package]]
name = "libc"
version = "0.2.13"
source = "registry+https://github.com/rust-lang/crates.io-index"

[[package]]
name = "matrixmultiply"
version = "0.1.8"
source = "registry+https://github.com/rust-lang/crates.io-index"

[[package]]
name = "ndarray"
version = "0.6.0"
source = "registry+https://github.com/rust-lang/crates.io-index"
dependencies = [
 "itertools 0.4.16 (registry+https://github.com/rust-lang/crates.io-index)",
 "matrixmultiply 0.1.8 (registry+https://github.com/rust-lang/crates.io-index)",
 "num-complex 0.1.32 (registry+https://github.com/rust-lang/crates.io-index)",
 "num-traits 0.1.32 (registry+https://github.com/rust-lang/crates.io-index)",
]

[[package]]
name = "num"
version = "0.1.32"
source = "registry+https://github.com/rust-lang/crates.io-index"
dependencies = [
 "num-bigint 0.1.33 (registry+https://github.com/rust-lang/crates.io-index)",
 "num-complex 0.1.32 (registry+https://github.com/rust-lang/crates.io-index)",
 "num-integer 0.1.32 (registry+https://github.com/rust-lang/crates.io-index)",
 "num-iter 0.1.32 (registry+https://github.com/rust-lang/crates.io-index)",
 "num-rational 0.1.32 (registry+https://github.com/rust-lang/crates.io-index)",
 "num-traits 0.1.32 (registry+https://github.com/rust-lang/crates.io-index)",
]

[[package]]
name = "num-bigint"
version = "0.1.33"
source = "registry+https://github.com/rust-lang/crates.io-index"
dependencies = [
 "num-integer 0.1.32 (registry+https://github.com/rust-lang/crates.io-index)",
 "num-traits 0.1.32 (registry+https://github.com/rust-lang/crates.io-index)",
 "rand 0.3.14 (registry+https://github.com/rust-lang/crates.io-index)",
 "rustc-serialize 0.3.19 (registry+https://github.com/rust-lang/crates.io-index)",
]

[[package]]
name = "num-complex"
version = "0.1.32"
source = "registry+https://github.com/rust-lang/crates.io-index"
dependencies = [
 "num-traits 0.1.32 (registry+https://github.com/rust-lang/crates.io-index)",
 "rustc-serialize 0.3.19 (registry+https://github.com/rust-lang/crates.io-index)",
]

[[package]]
name = "num-integer"
version = "0.1.32"
source = "registry+https://github.com/rust-lang/crates.io-index"
dependencies = [
 "num-traits 0.1.32 (registry+https://github.com/rust-lang/crates.io-index)",
]

[[package]]
name = "num-iter"
version = "0.1.32"
source = "registry+https://github.com/rust-lang/crates.io-index"
dependencies = [
 "num-integer 0.1.32 (registry+https://github.com/rust-lang/crates.io-index)",
 "num-traits 0.1.32 (registry+https://github.com/rust-lang/crates.io-index)",
]

[[package]]
name = "num-rational"
version = "0.1.32"
source = "registry+https://github.com/rust-lang/crates.io-index"
dependencies = [
 "num-bigint 0.1.33 (registry+https://github.com/rust-lang/crates.io-index)",
 "num-integer 0.1.32 (registry+https://github.com/rust-lang/crates.io-index)",
 "num-traits 0.1.32 (registry+https://github.com/rust-lang/crates.io-index)",
 "rustc-serialize 0.3.19 (registry+https://github.com/rust-lang/crates.io-index)",
]

[[package]]
name = "num-traits"
version = "0.1.32"
source = "registry+https://github.com/rust-lang/crates.io-index"

[[package]]
name = "num_cpus"
version = "0.2.13"
source = "registry+https://github.com/rust-lang/crates.io-index"
dependencies = [
 "libc 0.2.13 (registry+https://github.com/rust-lang/crates.io-index)",
]

[[package]]
name = "permutohedron"
version = "0.2.1"
source = "registry+https://github.com/rust-lang/crates.io-index"

[[package]]
name = "petgraph"
version = "0.2.7"
source = "registry+https://github.com/rust-lang/crates.io-index"
dependencies = [
 "fixedbitset 0.1.1 (registry+https://github.com/rust-lang/crates.io-index)",
]

[[package]]
name = "primal"
version = "0.2.3"
source = "registry+https://github.com/rust-lang/crates.io-index"
dependencies = [
 "primal-check 0.2.2 (registry+https://github.com/rust-lang/crates.io-index)",
 "primal-estimate 0.2.1 (registry+https://github.com/rust-lang/crates.io-index)",
 "primal-sieve 0.2.6 (registry+https://github.com/rust-lang/crates.io-index)",
]

[[package]]
name = "primal-bit"
version = "0.2.3"
source = "registry+https://github.com/rust-lang/crates.io-index"
dependencies = [
 "hamming 0.1.3 (registry+https://github.com/rust-lang/crates.io-index)",
]

[[package]]
name = "primal-check"
version = "0.2.2"
source = "registry+https://github.com/rust-lang/crates.io-index"
dependencies = [
 "num 0.1.32 (registry+https://github.com/rust-lang/crates.io-index)",
]

[[package]]
name = "primal-estimate"
version = "0.2.1"
source = "registry+https://github.com/rust-lang/crates.io-index"

[[package]]
name = "primal-sieve"
version = "0.2.6"
source = "registry+https://github.com/rust-lang/crates.io-index"
dependencies = [
 "hamming 0.1.3 (registry+https://github.com/rust-lang/crates.io-index)",
 "primal-bit 0.2.3 (registry+https://github.com/rust-lang/crates.io-index)",
 "primal-estimate 0.2.1 (registry+https://github.com/rust-lang/crates.io-index)",
]

[[package]]
name = "rand"
version = "0.3.14"
source = "registry+https://github.com/rust-lang/crates.io-index"
dependencies = [
 "libc 0.2.13 (registry+https://github.com/rust-lang/crates.io-index)",
]

[[package]]
name = "rayon"
version = "0.4.0"
source = "registry+https://github.com/rust-lang/crates.io-index"
dependencies = [
 "deque 0.3.1 (registry+https://github.com/rust-lang/crates.io-index)",
 "num_cpus 0.2.13 (registry+https://github.com/rust-lang/crates.io-index)",
 "rand 0.3.14 (registry+https://github.com/rust-lang/crates.io-index)",
]

[[package]]
name = "rulinalg"
version = "0.2.1"
source = "registry+https://github.com/rust-lang/crates.io-index"
dependencies = [
 "matrixmultiply 0.1.8 (registry+https://github.com/rust-lang/crates.io-index)",
 "num 0.1.32 (registry+https://github.com/rust-lang/crates.io-index)",
]

[[package]]
name = "rustc-serialize"
version = "0.3.19"
source = "registry+https://github.com/rust-lang/crates.io-index"

[[package]]
name = "time"
version = "0.1.35"
source = "registry+https://github.com/rust-lang/crates.io-index"
dependencies = [
 "kernel32-sys 0.2.2 (registry+https://github.com/rust-lang/crates.io-index)",
 "libc 0.2.13 (registry+https://github.com/rust-lang/crates.io-index)",
 "winapi 0.2.8 (registry+https://github.com/rust-lang/crates.io-index)",
]

[[package]]
name = "winapi"
version = "0.2.8"
source = "registry+https://github.com/rust-lang/crates.io-index"

[[package]]
name = "winapi-build"
version = "0.1.1"
source = "registry+https://github.com/rust-lang/crates.io-index"

[metadata]
"checksum deque 0.3.1 (registry+https://github.com/rust-lang/crates.io-index)" = "1614659040e711785ed8ea24219140654da1729f3ec8a47a9719d041112fe7bf"
"checksum enum_primitive 0.1.0 (registry+https://github.com/rust-lang/crates.io-index)" = "f79eff5be92a4d7d5bddf7daa7d650717ea71628634efe6ca7bcda85b2183c23"
"checksum fixedbitset 0.1.1 (registry+https://github.com/rust-lang/crates.io-index)" = "c59882225c22dfcd2db6f0fce45dabe334e64ffa5efacb785b7ffb5af690cc6f"
"checksum gmp 0.3.1 (registry+https://github.com/rust-lang/crates.io-index)" = "b6b81cdfc9e247d010799d4a5b32495e6d859f6b5321b6e1cd417fc0a9d0bb24"
"checksum hamming 0.1.3 (registry+https://github.com/rust-lang/crates.io-index)" = "65043da274378d68241eb9a8f8f8aa54e349136f7b8e12f63e3ef44043cc30e1"
"checksum itertools 0.4.16 (registry+https://github.com/rust-lang/crates.io-index)" = "ac6e56e7cfd710efcf4c4f614bd101794845d9fe5f406b87ac5108b9153d033f"
"checksum kernel32-sys 0.2.2 (registry+https://github.com/rust-lang/crates.io-index)" = "7507624b29483431c0ba2d82aece8ca6cdba9382bff4ddd0f7490560c056098d"
"checksum libc 0.2.13 (registry+https://github.com/rust-lang/crates.io-index)" = "d781ca9ed9bbe09595f6bbdeb9aeacb6b46154f1dd8c457a048d7d3c02561071"
"checksum matrixmultiply 0.1.8 (registry+https://github.com/rust-lang/crates.io-index)" = "96b20aff574a5af018a975788fccf82317e3cd44ce2f57fe2eed3df43e03d100"
"checksum ndarray 0.6.0 (registry+https://github.com/rust-lang/crates.io-index)" = "6df9705bf7851cbe21f92fa0c7328a82ee9198ca525d7250260f4e083fb6fc01"
"checksum num 0.1.32 (registry+https://github.com/rust-lang/crates.io-index)" = "c04bd954dbf96f76bab6e5bd6cef6f1ce1262d15268ce4f926d2b5b778fa7af2"
"checksum num-bigint 0.1.33 (registry+https://github.com/rust-lang/crates.io-index)" = "fbc450723a2fe91d332a29edd8660e099b937d29e1a3ebe914e0da3f77ac1ad3"
"checksum num-complex 0.1.32 (registry+https://github.com/rust-lang/crates.io-index)" = "ccac67baf893ac97474f8d70eff7761dabb1f6c66e71f8f1c67a6859218db810"
"checksum num-integer 0.1.32 (registry+https://github.com/rust-lang/crates.io-index)" = "fb24d9bfb3f222010df27995441ded1e954f8f69cd35021f6bef02ca9552fb92"
"checksum num-iter 0.1.32 (registry+https://github.com/rust-lang/crates.io-index)" = "287a1c9969a847055e1122ec0ea7a5c5d6f72aad97934e131c83d5c08ab4e45c"
"checksum num-rational 0.1.32 (registry+https://github.com/rust-lang/crates.io-index)" = "48cdcc9ff4ae2a8296805ac15af88b3d88ce62128ded0cb74ffb63a587502a84"
"checksum num-traits 0.1.32 (registry+https://github.com/rust-lang/crates.io-index)" = "51eab148f171aefad295f8cece636fc488b9b392ef544da31ea4b8ef6b9e9c39"
"checksum num_cpus 0.2.13 (registry+https://github.com/rust-lang/crates.io-index)" = "cee7e88156f3f9e19bdd598f8d6c9db7bf4078f99f8381f43a55b09648d1a6e3"
"checksum permutohedron 0.2.1 (registry+https://github.com/rust-lang/crates.io-index)" = "abf78a1e8b52782de92fc4f361362a62bcf5fd5718b5432b48cb381485740b83"
"checksum petgraph 0.2.7 (registry+https://github.com/rust-lang/crates.io-index)" = "b74ca8301bb7054c688ac54e2ebad8decb402580f192040359db7fc36c0b4e04"
"checksum primal 0.2.3 (registry+https://github.com/rust-lang/crates.io-index)" = "0e31b86efadeaeb1235452171a66689682783149a6249ff334a2c5d8218d00a4"
"checksum primal-bit 0.2.3 (registry+https://github.com/rust-lang/crates.io-index)" = "464a91febc06166783d4f5ba3577b5ed8dda8e421012df80bfe48a971ed7be8f"
"checksum primal-check 0.2.2 (registry+https://github.com/rust-lang/crates.io-index)" = "647c81b67bb9551a7b88d0bcd785ac35b7d0bf4b2f358683d7c2375d04daec51"
"checksum primal-estimate 0.2.1 (registry+https://github.com/rust-lang/crates.io-index)" = "56ea4531dde757b56906493c8604641da14607bf9cdaa80fb9c9cabd2429f8d5"
"checksum primal-sieve 0.2.6 (registry+https://github.com/rust-lang/crates.io-index)" = "943788ecb9a362697c46acf6b58164c3fb4e13af576f036af1bbd15b2174151a"
"checksum rand 0.3.14 (registry+https://github.com/rust-lang/crates.io-index)" = "2791d88c6defac799c3f20d74f094ca33b9332612d9aef9078519c82e4fe04a5"
"checksum rayon 0.4.0 (registry+https://github.com/rust-lang/crates.io-index)" = "8e501871917624668fe601ad12a730450414f9b0b64722a898b040ce3ae1b0fa"
"checksum rulinalg 0.2.1 (registry+https://github.com/rust-lang/crates.io-index)" = "72352a4dcb3e34945c1b7e854c55367da316b173eb58c1ae975cc40647989bc7"
"checksum rustc-serialize 0.3.19 (registry+https://github.com/rust-lang/crates.io-index)" = "6159e4e6e559c81bd706afe9c8fd68f547d3e851ce12e76b1de7914bab61691b"
"checksum time 0.1.35 (registry+https://github.com/rust-lang/crates.io-index)" = "3c7ec6d62a20df54e07ab3b78b9a3932972f4b7981de295563686849eb3989af"
"checksum winapi 0.2.8 (registry+https://github.com/rust-lang/crates.io-index)" = "167dc9d6949a9b857f3451275e911c3f44255842c1f7a76f33c55103a909087a"
"checksum winapi-build 0.1.1 (registry+https://github.com/rust-lang/crates.io-index)" = "2d315eee3b34aca4797b2da6b13ed88266e6d612562a0c46390af8299fc699bc"
